<?xml version="1.0" encoding="utf-8"?>
<Project ToolsVersion="4.0" xmlns="http://schemas.microsoft.com/developer/msbuild/2003">
  <ItemGroup>
    <Filter Include="源文件">
      <UniqueIdentifier>{4FC737F1-C7A5-4376-A066-2A32D752A2FF}</UniqueIdentifier>
      <Extensions>cpp;c;cc;cxx;def;odl;idl;hpj;bat;asm;asmx</Extensions>
    </Filter>
    <Filter Include="头文件">
      <UniqueIdentifier>{93995380-89BD-4b04-88EB-625FBE52EBFB}</UniqueIdentifier>
      <Extensions>h;hh;hpp;hxx;hm;inl;inc;ipp;xsd</Extensions>
    </Filter>
    <Filter Include="资源文件">
      <UniqueIdentifier>{67DA6AB6-F800-4c08-8B7A-83BB121AAD01}</UniqueIdentifier>
      <Extensions>rc;ico;cur;bmp;dlg;rc2;rct;bin;rgs;gif;jpg;jpeg;jpe;resx;tiff;tif;png;wav;mfcribbon-ms</Extensions>
    </Filter>
  </ItemGroup>
  <ItemGroup>
    <ClCompile Include="wfpTest.cpp">
      <Filter>源文件</Filter>
    </ClCompile>
    <ClCompile Include="common\src\win\win_com.cpp">
      <Filter>源文件</Filter>
    </ClCompile>
    <ClCompile Include="common\src\win\win_linkreader.cpp">
      <Filter>源文件</Filter>
    </ClCompile>
    <ClCompile Include="common\src\win\win_messagewnd.cpp">
      <Filter>源文件</Filter>
    </ClCompile>
    <ClCompile Include="common\src\win\win_util.cpp">
      <Filter>源文件</Filter>
    </ClCompile>
    <ClCompile Include="daemon\src\win\win_firewall.cpp">
      <Filter>源文件</Filter>
    </ClCompile>
    <ClCompile Include="common\src\builtin\util.cpp">
      <Filter>源文件</Filter>
    </ClCompile>
    <ClCompile Include="daemon\src\win\win_daemon.cpp">
      <Filter>源文件</Filter>
    </ClCompile>
    <ClCompile Include="daemon\src\win\servicemonitor.cpp">
      <Filter>源文件</Filter>
    </ClCompile>
    <ClCompile Include="daemon\src\daemon.cpp">
      <Filter>源文件</Filter>
    </ClCompile>
    <ClCompile Include="daemon\src\win\win_appmonitor.cpp">
      <Filter>源文件</Filter>
    </ClCompile>
  </ItemGroup>
  <ItemGroup>
    <ClInclude Include="common\src\builtin\common.h">
      <Filter>头文件</Filter>
    </ClInclude>
    <ClInclude Include="common\src\builtin\error.h">
      <Filter>头文件</Filter>
    </ClInclude>
    <ClInclude Include="common\src\win\win_com.h">
      <Filter>头文件</Filter>
    </ClInclude>
    <ClInclude Include="common\src\win\win_linkreader.h">
      <Filter>头文件</Filter>
    </ClInclude>
    <ClInclude Include="common\src\win\win_messagewnd.h">
      <Filter>头文件</Filter>
    </ClInclude>
    <ClInclude Include="common\src\win\win_util.h">
      <Filter>头文件</Filter>
    </ClInclude>
    <ClInclude Include="common\src\brand.h">
      <Filter>头文件</Filter>
    </ClInclude>
    <ClInclude Include="common\src\common.h">
      <Filter>头文件</Filter>
    </ClInclude>
    <ClInclude Include="common\src\service_inl.h">
      <Filter>头文件</Filter>
    </ClInclude>
    <ClInclude Include="common\src\version.h">
      <Filter>头文件</Filter>
    </ClInclude>
    <ClInclude Include="daemon\src\win\inlines.h">
      <Filter>头文件</Filter>
    </ClInclude>
    <ClInclude Include="daemon\src\win\win.h">
      <Filter>头文件</Filter>
    </ClInclude>
    <ClInclude Include="daemon\src\win\win_firewall.h">
      <Filter>头文件</Filter>
    </ClInclude>
    <ClInclude Include="common\src\builtin\util.h">
      <Filter>头文件</Filter>
    </ClInclude>
    <ClInclude Include="daemon\src\win\win_daemon.h">
      <Filter>头文件</Filter>
    </ClInclude>
    <ClInclude Include="daemon\src\win\servicemonitor.h">
      <Filter>头文件</Filter>
    </ClInclude>
    <ClInclude Include="daemon\src\win\service_inl.h">
      <Filter>头文件</Filter>
    </ClInclude>
    <ClInclude Include="daemon\src\win\tap_inl.h">
      <Filter>头文件</Filter>
    </ClInclude>
    <ClInclude Include="daemon\src\daemon.h">
      <Filter>头文件</Filter>
    </ClInclude>
    <ClInclude Include="daemon\src\win\win_appmonitor.h">
      <Filter>头文件</Filter>
    </ClInclude>
  </ItemGroup>
  <ItemGroup>
    <None Include="common\src\service.inl">
      <Filter>头文件</Filter>
    </None>
    <None Include="cpp.hint" />
    <None Include="daemon\src\win\service.inl">
      <Filter>头文件</Filter>
    </None>
    <None Include="daemon\src\win\tap.inl">
      <Filter>头文件</Filter>
    </None>
  </ItemGroup>
</Project>